
Microsoft Visual Studio Solution File, Format Version 12.00
# Visual Studio Version 16
VisualStudioVersion = 16.0.28803.352
MinimumVisualStudioVersion = 10.0.40219.1
Project("{FAE04EC0-301F-11D3-BF4B-00C04F79EFBC}") = "Journaling", "journaling\Journaling.csproj", "{E25FC838-8E72-43A2-9BF4-AECA26889A34}"
EndProject
Global
	GlobalSection(SolutionConfigurationPlatforms) = preSolution
		Debug|Any CPU = Debug|Any CPU
		Release|Any CPU = Release|Any CPU
	EndGlobalSection
	GlobalSection(ProjectConfigurationPlatforms) = postSolution
		{E25FC838-8E72-43A2-9BF4-AECA26889A34}.Debug|Any CPU.ActiveCfg = Debug|Any CPU
		{E25FC838-8E72-43A2-9BF4-AECA26889A34}.Debug|Any CPU.Build.0 = Debug|Any CPU
		{E25FC838-8E72-43A2-9BF4-AECA26889A34}.Release|Any CPU.ActiveCfg = Release|Any CPU
		{E25FC838-8E72-43A2-9BF4-AECA26889A34}.Release|Any CPU.Build.0 = Release|Any CPU
	EndGlobalSection
	GlobalSection(SolutionProperties) = preSolution
		HideSolutionNode = FALSE
	EndGlobalSection
	GlobalSection(ExtensibilityGlobals) = postSolution
		SolutionGuid = {AC42AF4B-E4D5-4E74-8572-1DDCA5E37481}
	EndGlobalSection
EndGlobal
